PODS:
  - AFNetworking (3.1.0):
    - AFNetworking/NSURLSession (= 3.1.0)
    - AFNetworking/Reachability (= 3.1.0)
    - AFNetworking/Security (= 3.1.0)
    - AFNetworking/Serialization (= 3.1.0)
    - AFNetworking/UIKit (= 3.1.0)
  - AFNetworking/NSURLSession (3.1.0):
    - AFNetworking/Reachability
    - AFNetworking/Security
    - AFNetworking/Serialization
  - AFNetworking/Reachability (3.1.0)
  - AFNetworking/Security (3.1.0)
  - AFNetworking/Serialization (3.1.0)
  - AFNetworking/UIKit (3.1.0):
    - AFNetworking/NSURLSession
  - RPSlidingMenu (1.0.3)
  - Typhoon (3.5.0):
    - Typhoon/no-arc (= 3.5.0)
  - Typhoon/no-arc (3.5.0)

DEPENDENCIES:
  - AFNetworking (= 3.1.0)
  - RPSlidingMenu (from `~/projects/RPSlidingMenu`)
  - Typhoon (= 3.5.0)

EXTERNAL SOURCES:
  RPSlidingMenu:
    :path: ~/projects/RPSlidingMenu

SPEC CHECKSUMS:
  AFNetworking: 5e0e199f73d8626b11e79750991f5d173d1f8b67
  RPSlidingMenu: 6e15173d9f483e96bf38c3bec9b5435cefb5e8d3
  Typhoon: 6def9f3abad5be6b2c035103c7dde1c887c48e45

PODFILE CHECKSUM: 2346208c62ebc2de604428ba2677803ccd6eb4ff

COCOAPODS: 1.0.1
